{
    "_readme": [
        "This file locks the dependencies of your project to a known state",
        "Read more about it at http://getcomposer.org/doc/01-basic-usage.md#composer-lock-the-lock-file"
    ],
    "hash": "113704d9b7021a27bcb3b9ce3fee4fa8",
    "packages": [
        {
            "name": "whatthejeff/fab",
            "version": "dev-master",
            "source": {
                "type": "git",
                "url": "https://github.com/whatthejeff/fab.git",
                "reference": "v1.0.0"
            },
            "dist": {
                "type": "zip",
                "url": "https://api.github.com/repos/whatthejeff/fab/zipball/v1.0.0",
                "reference": "v1.0.0",
                "shasum": ""
            },
            "require": {
                "php": ">=5.3.3"
            },
            "require-dev": {
                "phpunit/phpunit": "3.7.*"
            },
            "type": "library",
            "extra": {
                "branch-alias": {
                    "dev-master": "1.0.x-dev"
                }
            },
            "autoload": {
                "psr-0": {
                    "Fab": "src/"
                }
            },
            "notification-url": "https://packagist.org/downloads/",
            "license": [
                "MIT"
            ],
            "authors": [
                {
                    "name": "Jeff Welch",
                    "email": "whatthejeff@gmail.com"
                }
            ],
            "description": "Make your output fabulous!",
            "homepage": "http://github.com/whatthejeff/fab",
            "keywords": [
                "colorful",
                "fab",
                "fabulous",
                "rainbow"
            ],
            "time": "2013-02-14 01:28:47"
        }
    ],
    "packages-dev": [

    ],
    "aliases": [

    ],
    "minimum-stability": "stable",
    "stability-flags": {
        "whatthejeff/fab": 20
    },
    "platform": [

    ],
    "platform-dev": [

    ]
}
